
Microsoft Visual Studio Solution File, Format Version 12.00
# Visual Studio 2013
VisualStudioVersion = 12.0.31101.0
MinimumVisualStudioVersion = 10.0.40219.1
Project("{FAE04EC0-301F-11D3-BF4B-00C04F79EFBC}") = "AESxWin", "AESxWin\AESxWin.csproj", "{495CC7DE-D71E-40CE-92E7-9BCC54BEA8C1}"
EndProject
Project("{FAE04EC0-301F-11D3-BF4B-00C04F79EFBC}") = "AESxWin.Test", "AESxWin.Test\AESxWin.Test.csproj", "{66AF9380-1DA4-49DD-BBE7-D02DC1AABCB6}"
EndProject
Global
	GlobalSection(SolutionConfigurationPlatforms) = preSolution
		Debug|Any CPU = Debug|Any CPU
		Release|Any CPU = Release|Any CPU
	EndGlobalSection
	GlobalSection(ProjectConfigurationPlatforms) = postSolution
		{495CC7DE-D71E-40CE-92E7-9BCC54BEA8C1}.Debug|Any CPU.ActiveCfg = Debug|Any CPU
		{495CC7DE-D71E-40CE-92E7-9BCC54BEA8C1}.Debug|Any CPU.Build.0 = Debug|Any CPU
		{495CC7DE-D71E-40CE-92E7-9BCC54BEA8C1}.Release|Any CPU.ActiveCfg = Release|Any CPU
		{495CC7DE-D71E-40CE-92E7-9BCC54BEA8C1}.Release|Any CPU.Build.0 = Release|Any CPU
		{66AF9380-1DA4-49DD-BBE7-D02DC1AABCB6}.Debug|Any CPU.ActiveCfg = Debug|Any CPU
		{66AF9380-1DA4-49DD-BBE7-D02DC1AABCB6}.Debug|Any CPU.Build.0 = Debug|Any CPU
		{66AF9380-1DA4-49DD-BBE7-D02DC1AABCB6}.Release|Any CPU.ActiveCfg = Release|Any CPU
		{66AF9380-1DA4-49DD-BBE7-D02DC1AABCB6}.Release|Any CPU.Build.0 = Release|Any CPU
	EndGlobalSection
	GlobalSection(SolutionProperties) = preSolution
		HideSolutionNode = FALSE
	EndGlobalSection
EndGlobal
